
Microsoft Visual Studio Solution File, Format Version 12.00
# Visual Studio Version 16
VisualStudioVersion = 16.0.31105.61
MinimumVisualStudioVersion = 10.0.40219.1
Project("{FAE04EC0-301F-11D3-BF4B-00C04F79EFBC}") = "ServerOAnQuan", "ServerOAnQuan\ServerOAnQuan.csproj", "{B32651EB-D600-45CE-B02C-5E8195F0CBAB}"
EndProject
Global
	GlobalSection(SolutionConfigurationPlatforms) = preSolution
		Debug|Any CPU = Debug|Any CPU
		Release|Any CPU = Release|Any CPU
	EndGlobalSection
	GlobalSection(ProjectConfigurationPlatforms) = postSolution
		{B32651EB-D600-45CE-B02C-5E8195F0CBAB}.Debug|Any CPU.ActiveCfg = Debug|Any CPU
		{B32651EB-D600-45CE-B02C-5E8195F0CBAB}.Debug|Any CPU.Build.0 = Debug|Any CPU
		{B32651EB-D600-45CE-B02C-5E8195F0CBAB}.Release|Any CPU.ActiveCfg = Release|Any CPU
		{B32651EB-D600-45CE-B02C-5E8195F0CBAB}.Release|Any CPU.Build.0 = Release|Any CPU
	EndGlobalSection
	GlobalSection(SolutionProperties) = preSolution
		HideSolutionNode = FALSE
	EndGlobalSection
	GlobalSection(ExtensibilityGlobals) = postSolution
		SolutionGuid = {3D0C45BB-0074-43EB-B2E3-D774EE0E1115}
	EndGlobalSection
EndGlobal
